
Microsoft Visual Studio Solution File, Format Version 12.00
# Visual Studio 2015
Project("{FAE04EC0-301F-11D3-BF4B-00C04F79EFBC}") = "BantuBuntal.CSharp", "BantuBuntal.CSharp.csproj", "{B6005E9B-C3AD-6828-DCC5-125311C06A9B}"
EndProject
Global
	GlobalSection(SolutionConfigurationPlatforms) = preSolution
		Debug|Any CPU = Debug|Any CPU
		Release|Any CPU = Release|Any CPU
	EndGlobalSection
	GlobalSection(ProjectConfigurationPlatforms) = postSolution
		{B6005E9B-C3AD-6828-DCC5-125311C06A9B}.Debug|Any CPU.ActiveCfg = Debug|Any CPU
		{B6005E9B-C3AD-6828-DCC5-125311C06A9B}.Debug|Any CPU.Build.0 = Debug|Any CPU
		{B6005E9B-C3AD-6828-DCC5-125311C06A9B}.Release|Any CPU.ActiveCfg = Release|Any CPU
		{B6005E9B-C3AD-6828-DCC5-125311C06A9B}.Release|Any CPU.Build.0 = Release|Any CPU
	EndGlobalSection
	GlobalSection(SolutionProperties) = preSolution
		HideSolutionNode = FALSE
	EndGlobalSection
EndGlobal
